
Microsoft Visual Studio Solution File, Format Version 12.00
# Visual Studio Version 16
VisualStudioVersion = 16.0.31729.503
MinimumVisualStudioVersion = 10.0.40219.1
Project("{9A19103F-16F7-4668-BE54-9A1E7A4F7556}") = "JeuxDuPendu", "JeuxDuPendu\JeuxDuPendu.csproj", "{9D2339AF-8A80-47DE-A268-915CD23448F0}"
EndProject
Project("{FAE04EC0-301F-11D3-BF4B-00C04F79EFBC}") = "GameLib", "GameLib\GameLib.csproj", "{F24A363B-1541-4B83-A5F9-85B8A84A9211}"
EndProject
Project("{FAE04EC0-301F-11D3-BF4B-00C04F79EFBC}") = "Tcp_Lib", "Tcp_Lib\Tcp_Lib.csproj", "{A44C6736-313F-476C-B947-B795AFEC9F9E}"
EndProject
Global
	GlobalSection(SolutionConfigurationPlatforms) = preSolution
		Debug|Any CPU = Debug|Any CPU
		Release|Any CPU = Release|Any CPU
	EndGlobalSection
	GlobalSection(ProjectConfigurationPlatforms) = postSolution
		{9D2339AF-8A80-47DE-A268-915CD23448F0}.Debug|Any CPU.ActiveCfg = Debug|Any CPU
		{9D2339AF-8A80-47DE-A268-915CD23448F0}.Debug|Any CPU.Build.0 = Debug|Any CPU
		{9D2339AF-8A80-47DE-A268-915CD23448F0}.Release|Any CPU.ActiveCfg = Release|Any CPU
		{9D2339AF-8A80-47DE-A268-915CD23448F0}.Release|Any CPU.Build.0 = Release|Any CPU
		{F24A363B-1541-4B83-A5F9-85B8A84A9211}.Debug|Any CPU.ActiveCfg = Debug|Any CPU
		{F24A363B-1541-4B83-A5F9-85B8A84A9211}.Debug|Any CPU.Build.0 = Debug|Any CPU
		{F24A363B-1541-4B83-A5F9-85B8A84A9211}.Release|Any CPU.ActiveCfg = Release|Any CPU
		{F24A363B-1541-4B83-A5F9-85B8A84A9211}.Release|Any CPU.Build.0 = Release|Any CPU
		{A44C6736-313F-476C-B947-B795AFEC9F9E}.Debug|Any CPU.ActiveCfg = Debug|Any CPU
		{A44C6736-313F-476C-B947-B795AFEC9F9E}.Debug|Any CPU.Build.0 = Debug|Any CPU
		{A44C6736-313F-476C-B947-B795AFEC9F9E}.Release|Any CPU.ActiveCfg = Release|Any CPU
		{A44C6736-313F-476C-B947-B795AFEC9F9E}.Release|Any CPU.Build.0 = Release|Any CPU
	EndGlobalSection
	GlobalSection(SolutionProperties) = preSolution
		HideSolutionNode = FALSE
	EndGlobalSection
	GlobalSection(ExtensibilityGlobals) = postSolution
		SolutionGuid = {3A2CF896-DC2E-48A5-A6A7-FD9DEDF65319}
	EndGlobalSection
EndGlobal
